
Microsoft Visual Studio Solution File, Format Version 12.00
Project("{FAE04EC0-301F-11D3-BF4B-00C04F79EFBC}") = "TinyTypes", "src\TinyTypes.csproj", "{233F7D94-16E9-496A-8C1B-1DFCB869A5FD}"
EndProject
Project("{2150E333-8FDC-42A3-9474-1A3956D46DE8}") = "src", "src", "{8D71195E-137D-46A7-8684-E89EFBD41DC8}"
EndProject
Project("{2150E333-8FDC-42A3-9474-1A3956D46DE8}") = "tests", "tests", "{7D8C4C1D-8AAB-48C4-ADE8-E6FD6F958B79}"
EndProject
Project("{FAE04EC0-301F-11D3-BF4B-00C04F79EFBC}") = "TinyTypes.Tests", "tests\TinyTypes.Tests.csproj", "{4A443E41-109C-4A34-B930-3255B930E090}"
EndProject
Project("{2150E333-8FDC-42A3-9474-1A3956D46DE8}") = ".meta", ".meta", "{E0320E39-E725-4090-AED3-F9C8CA3BC7B6}"
ProjectSection(SolutionItems) = preProject
	.github\.DS_Store = .github\.DS_Store
	.github\workflows\pull-request.yml = .github\workflows\pull-request.yml
	.github\workflows\build-master.yml = .github\workflows\build-master.yml
	.github\dependabot.yml = .github\dependabot.yml
EndProjectSection
EndProject
Global
	GlobalSection(SolutionConfigurationPlatforms) = preSolution
		Debug|Any CPU = Debug|Any CPU
		Release|Any CPU = Release|Any CPU
	EndGlobalSection
	GlobalSection(ProjectConfigurationPlatforms) = postSolution
		{233F7D94-16E9-496A-8C1B-1DFCB869A5FD}.Debug|Any CPU.ActiveCfg = Debug|Any CPU
		{233F7D94-16E9-496A-8C1B-1DFCB869A5FD}.Debug|Any CPU.Build.0 = Debug|Any CPU
		{233F7D94-16E9-496A-8C1B-1DFCB869A5FD}.Release|Any CPU.ActiveCfg = Release|Any CPU
		{233F7D94-16E9-496A-8C1B-1DFCB869A5FD}.Release|Any CPU.Build.0 = Release|Any CPU
		{4A443E41-109C-4A34-B930-3255B930E090}.Debug|Any CPU.ActiveCfg = Debug|Any CPU
		{4A443E41-109C-4A34-B930-3255B930E090}.Debug|Any CPU.Build.0 = Debug|Any CPU
		{4A443E41-109C-4A34-B930-3255B930E090}.Release|Any CPU.ActiveCfg = Release|Any CPU
		{4A443E41-109C-4A34-B930-3255B930E090}.Release|Any CPU.Build.0 = Release|Any CPU
	EndGlobalSection
	GlobalSection(NestedProjects) = preSolution
		{233F7D94-16E9-496A-8C1B-1DFCB869A5FD} = {8D71195E-137D-46A7-8684-E89EFBD41DC8}
		{4A443E41-109C-4A34-B930-3255B930E090} = {7D8C4C1D-8AAB-48C4-ADE8-E6FD6F958B79}
	EndGlobalSection
EndGlobal
